github.com/go-sql-driver/mysql v1.6.0 h1:BCTh4TKNUYmOmMUcQ3IipzF5prigylS7XXjEkfCHuOE=
github.com/go-sql-driver/mysql v1.6.0/go.mod h1:DCzpHaOWr8IXmIStZouvnhqoel9Qv2LBy8hT2VhHyBg=
github.com/golangci/golangci-lint v1.46.2 h1:o90t/Xa6dhJbvy8Bz2RpzUXqrkigp19DLStMolTZbyo=
github.com/golangci/golangci-lint v1.46.2/go.mod h1:3DkdHnxn9eoTTrpT2gB0TEv8KSziuoqe9FitgQLHvAY=
github.com/pingcap/tidb v2.0.11+incompatible h1:Shz+ry1DzQNsPk1QAejnM+5tgjbwZuzPnIER5aCjQ6c=
github.com/pingcap/tidb v2.0.11+incompatible/go.mod h1:I8C6jrPINP2rrVunTRd7C9fRRhQrtR43S1/CL5ix/yQ=
